
Microsoft Visual Studio Solution File, Format Version 12.00
# Visual Studio Version 16
VisualStudioVersion = 16.0.31004.235
MinimumVisualStudioVersion = 10.0.40219.1
Project("{FAE04EC0-301F-11D3-BF4B-00C04F79EFBC}") = "EasyFFmpegFilters", "EasyFFmpegFilters\EasyFFmpegFilters.csproj", "{C529B75F-9704-471A-99EF-6DAD1E32C412}"
EndProject
Global
	GlobalSection(SolutionConfigurationPlatforms) = preSolution
		Debug|Any CPU = Debug|Any CPU
		Release|Any CPU = Release|Any CPU
	EndGlobalSection
	GlobalSection(ProjectConfigurationPlatforms) = postSolution
		{C529B75F-9704-471A-99EF-6DAD1E32C412}.Debug|Any CPU.ActiveCfg = Debug|Any CPU
		{C529B75F-9704-471A-99EF-6DAD1E32C412}.Debug|Any CPU.Build.0 = Debug|Any CPU
		{C529B75F-9704-471A-99EF-6DAD1E32C412}.Release|Any CPU.ActiveCfg = Release|Any CPU
		{C529B75F-9704-471A-99EF-6DAD1E32C412}.Release|Any CPU.Build.0 = Release|Any CPU
	EndGlobalSection
	GlobalSection(SolutionProperties) = preSolution
		HideSolutionNode = FALSE
	EndGlobalSection
	GlobalSection(ExtensibilityGlobals) = postSolution
		SolutionGuid = {BF404F06-8744-464F-98A6-0368EE2E0264}
	EndGlobalSection
EndGlobal
